// !$*UTF8*$!
{
	archiveVersion = 1;
	classes = {
	};
	objectVersion = 46;
	objects = {

/* Begin PBXBuildFile section */
		970CBA601CAB345600E92CF3 /* TCPHelper.c in Sources */ = {isa = PBXBuildFile; fileRef = 970CBA5E1CAB345600E92CF3 /* TCPHelper.c */; };
		974926A41CA9704D00BDFBCC /* SockAddrHelper.c in Sources */ = {isa = PBXBuildFile; fileRef = 974926A21CA9704D00BDFBCC /* SockAddrHelper.c */; };
		977F33D11CA5C03000972562 /* main.c in Sources */ = {isa = PBXBuildFile; fileRef = 977F33D01CA5C03000972562 /* main.c */; };
		977F33D91CA5C18200972562 /* ClientToServerMessage.c in Sources */ = {isa = PBXBuildFile; fileRef = 977F33D71CA5C18200972562 /* ClientToServerMessage.c */; };
		97A58CCA1CAAD3D7005901B2 /* ChatListener.c in Sources */ = {isa = PBXBuildFile; fileRef = 97A58CC81CAAD3D7005901B2 /* ChatListener.c */; };
		BE8C07F01CA71224000A0966 /* Client.c in Sources */ = {isa = PBXBuildFile; fileRef = BE8C07EF1CA71224000A0966 /* Client.c */; };
		BE8C07F31CA77E5C000A0966 /* Server.c in Sources */ = {isa = PBXBuildFile; fileRef = BE8C07F11CA77E5C000A0966 /* Server.c */; };
		BEBAAE421CA628EF009B658F /* ClientInfo.c in Sources */ = {isa = PBXBuildFile; fileRef = BEBAAE401CA628EF009B658F /* ClientInfo.c */; };
		BEBAAE441CA62ACF009B658F /* DieWithError.c in Sources */ = {isa = PBXBuildFile; fileRef = BEBAAE431CA62ACF009B658F /* DieWithError.c */; };
		BEF821AF1CA6FB4200BE3867 /* ServerToClientMessage.c in Sources */ = {isa = PBXBuildFile; fileRef = BEF821AD1CA6FB4200BE3867 /* ServerToClientMessage.c */; };
/* End PBXBuildFile section */

/* Begin PBXCopyFilesBuildPhase section */
		977F33CB1CA5C03000972562 /* CopyFiles */ = {
			isa = PBXCopyFilesBuildPhase;
			buildActionMask = 2147483647;
			dstPath = /usr/share/man/man1/;
			dstSubfolderSpec = 0;
			files = (
			);
			runOnlyForDeploymentPostprocessing = 1;
		};
/* End PBXCopyFilesBuildPhase section */

/* Begin PBXFileReference section */
		970CBA5E1CAB345600E92CF3 /* TCPHelper.c */ = {isa = PBXFileReference; fileEncoding = 4; lastKnownFileType = sourcecode.c.c; path = TCPHelper.c; sourceTree = "<group>"; };
		970CBA5F1CAB345600E92CF3 /* TCPHelper.h */ = {isa = PBXFileReference; fileEncoding = 4; lastKnownFileType = sourcecode.c.h; path = TCPHelper.h; sourceTree = "<group>"; };
		974926A21CA9704D00BDFBCC /* SockAddrHelper.c */ = {isa = PBXFileReference; fileEncoding = 4; lastKnownFileType = sourcecode.c.c; path = SockAddrHelper.c; sourceTree = "<group>"; };
		974926A31CA9704D00BDFBCC /* SockAddrHelper.h */ = {isa = PBXFileReference; fileEncoding = 4; lastKnownFileType = sourcecode.c.h; path = SockAddrHelper.h; sourceTree = "<group>"; };
		977F33CD1CA5C03000972562 /* Chat */ = {isa = PBXFileReference; explicitFileType = "compiled.mach-o.executable"; includeInIndex = 0; path = Chat; sourceTree = BUILT_PRODUCTS_DIR; };
		977F33D01CA5C03000972562 /* main.c */ = {isa = PBXFileReference; lastKnownFileType = sourcecode.c.c; path = main.c; sourceTree = "<group>"; };
		977F33D71CA5C18200972562 /* ClientToServerMessage.c */ = {isa = PBXFileReference; fileEncoding = 4; lastKnownFileType = sourcecode.c.c; path = ClientToServerMessage.c; sourceTree = "<group>"; };
		977F33D81CA5C18200972562 /* ClientToServerMessage.h */ = {isa = PBXFileReference; fileEncoding = 4; lastKnownFileType = sourcecode.c.h; path = ClientToServerMessage.h; sourceTree = "<group>"; };
		97A58CC81CAAD3D7005901B2 /* ChatListener.c */ = {isa = PBXFileReference; fileEncoding = 4; lastKnownFileType = sourcecode.c.c; path = ChatListener.c; sourceTree = "<group>"; };
		97A58CC91CAAD3D7005901B2 /* ChatListener.h */ = {isa = PBXFileReference; fileEncoding = 4; lastKnownFileType = sourcecode.c.h; path = ChatListener.h; sourceTree = "<group>"; };
		BE13CAAF1CA6D74000298B5E /* Client.h */ = {isa = PBXFileReference; fileEncoding = 4; lastKnownFileType = sourcecode.c.h; path = Client.h; sourceTree = "<group>"; };
		BE8C07EF1CA71224000A0966 /* Client.c */ = {isa = PBXFileReference; fileEncoding = 4; lastKnownFileType = sourcecode.c.c; path = Client.c; sourceTree = "<group>"; };
		BE8C07F11CA77E5C000A0966 /* Server.c */ = {isa = PBXFileReference; fileEncoding = 4; lastKnownFileType = sourcecode.c.c; path = Server.c; sourceTree = "<group>"; };
		BE8C07F21CA77E5C000A0966 /* Server.h */ = {isa = PBXFileReference; fileEncoding = 4; lastKnownFileType = sourcecode.c.h; path = Server.h; sourceTree = "<group>"; };
		BEBAAE401CA628EF009B658F /* ClientInfo.c */ = {isa = PBXFileReference; fileEncoding = 4; lastKnownFileType = sourcecode.c.c; path = ClientInfo.c; sourceTree = "<group>"; };
		BEBAAE411CA628EF009B658F /* ClientInfo.h */ = {isa = PBXFileReference; fileEncoding = 4; lastKnownFileType = sourcecode.c.h; path = ClientInfo.h; sourceTree = "<group>"; };
		BEBAAE431CA62ACF009B658F /* DieWithError.c */ = {isa = PBXFileReference; fileEncoding = 4; lastKnownFileType = sourcecode.c.c; path = DieWithError.c; sourceTree = "<group>"; };
		BEF821AC1CA6F4D500BE3867 /* Constants.h */ = {isa = PBXFileReference; lastKnownFileType = sourcecode.c.h; path = Constants.h; sourceTree = "<group>"; };
		BEF821AD1CA6FB4200BE3867 /* ServerToClientMessage.c */ = {isa = PBXFileReference; fileEncoding = 4; lastKnownFileType = sourcecode.c.c; path = ServerToClientMessage.c; sourceTree = "<group>"; };
		BEF821AE1CA6FB4200BE3867 /* ServerToClientMessage.h */ = {isa = PBXFileReference; fileEncoding = 4; lastKnownFileType = sourcecode.c.h; path = ServerToClientMessage.h; sourceTree = "<group>"; };
/* End PBXFileReference section */

/* Begin PBXFrameworksBuildPhase section */
		977F33CA1CA5C03000972562 /* Frameworks */ = {
			isa = PBXFrameworksBuildPhase;
			buildActionMask = 2147483647;
			files = (
			);
			runOnlyForDeploymentPostprocessing = 0;
		};
/* End PBXFrameworksBuildPhase section */

/* Begin PBXGroup section */
		977F33C41CA5C03000972562 = {
			isa = PBXGroup;
			children = (
				977F33CF1CA5C03000972562 /* Chat */,
				977F33CE1CA5C03000972562 /* Products */,
			);
			sourceTree = "<group>";
		};
		977F33CE1CA5C03000972562 /* Products */ = {
			isa = PBXGroup;
			children = (
				977F33CD1CA5C03000972562 /* Chat */,
			);
			name = Products;
			sourceTree = "<group>";
		};
		977F33CF1CA5C03000972562 /* Chat */ = {
			isa = PBXGroup;
			children = (
				977F33D01CA5C03000972562 /* main.c */,
				BE8C07F11CA77E5C000A0966 /* Server.c */,
				BE8C07F21CA77E5C000A0966 /* Server.h */,
				BE8C07EF1CA71224000A0966 /* Client.c */,
				BE13CAAF1CA6D74000298B5E /* Client.h */,
				97A58CC81CAAD3D7005901B2 /* ChatListener.c */,
				97A58CC91CAAD3D7005901B2 /* ChatListener.h */,
				BE8C07F51CAB68F1000A0966 /* Helpers */,
				BE8C07F41CAB68C4000A0966 /* MessageStructs */,
			);
			path = Chat;
			sourceTree = "<group>";
		};
		BE8C07F41CAB68C4000A0966 /* MessageStructs */ = {
			isa = PBXGroup;
			children = (
				BEF821AD1CA6FB4200BE3867 /* ServerToClientMessage.c */,
				BEF821AE1CA6FB4200BE3867 /* ServerToClientMessage.h */,
				977F33D71CA5C18200972562 /* ClientToServerMessage.c */,
				977F33D81CA5C18200972562 /* ClientToServerMessage.h */,
			);
			name = MessageStructs;
			sourceTree = "<group>";
		};
		BE8C07F51CAB68F1000A0966 /* Helpers */ = {
			isa = PBXGroup;
			children = (
				BEBAAE401CA628EF009B658F /* ClientInfo.c */,
				BEBAAE411CA628EF009B658F /* ClientInfo.h */,
				974926A21CA9704D00BDFBCC /* SockAddrHelper.c */,
				974926A31CA9704D00BDFBCC /* SockAddrHelper.h */,
				970CBA5E1CAB345600E92CF3 /* TCPHelper.c */,
				970CBA5F1CAB345600E92CF3 /* TCPHelper.h */,
				BEF821AC1CA6F4D500BE3867 /* Constants.h */,
				BEBAAE431CA62ACF009B658F /* DieWithError.c */,
			);
			name = Helpers;
			sourceTree = "<group>";
		};
/* End PBXGroup section */

/* Begin PBXNativeTarget section */
		977F33CC1CA5C03000972562 /* Chat */ = {
			isa = PBXNativeTarget;
			buildConfigurationList = 977F33D41CA5C03000972562 /* Build configuration list for PBXNativeTarget "Chat" */;
			buildPhases = (
				977F33C91CA5C03000972562 /* Sources */,
				977F33CA1CA5C03000972562 /* Frameworks */,
				977F33CB1CA5C03000972562 /* CopyFiles */,
			);
			buildRules = (
			);
			dependencies = (
			);
			name = Chat;
			productName = Chat;
			productReference = 977F33CD1CA5C03000972562 /* Chat */;
			productType = "com.apple.product-type.tool";
		};
/* End PBXNativeTarget section */

/* Begin PBXProject section */
		977F33C51CA5C03000972562 /* Project object */ = {
			isa = PBXProject;
			attributes = {
				LastUpgradeCheck = 0720;
				ORGANIZATIONNAME = EMU;
				TargetAttributes = {
					977F33CC1CA5C03000972562 = {
						CreatedOnToolsVersion = 7.2;
					};
				};
			};
			buildConfigurationList = 977F33C81CA5C03000972562 /* Build configuration list for PBXProject "Chat" */;
			compatibilityVersion = "Xcode 3.2";
			developmentRegion = English;
			hasScannedForEncodings = 0;
			knownRegions = (
				en,
			);
			mainGroup = 977F33C41CA5C03000972562;
			productRefGroup = 977F33CE1CA5C03000972562 /* Products */;
			projectDirPath = "";
			projectRoot = "";
			targets = (
				977F33CC1CA5C03000972562 /* Chat */,
			);
		};
/* End PBXProject section */

/* Begin PBXSourcesBuildPhase section */
		977F33C91CA5C03000972562 /* Sources */ = {
			isa = PBXSourcesBuildPhase;
			buildActionMask = 2147483647;
			files = (
				BEBAAE421CA628EF009B658F /* ClientInfo.c in Sources */,
				974926A41CA9704D00BDFBCC /* SockAddrHelper.c in Sources */,
				977F33D91CA5C18200972562 /* ClientToServerMessage.c in Sources */,
				970CBA601CAB345600E92CF3 /* TCPHelper.c in Sources */,
				BEF821AF1CA6FB4200BE3867 /* ServerToClientMessage.c in Sources */,
				977F33D11CA5C03000972562 /* main.c in Sources */,
				BE8C07F01CA71224000A0966 /* Client.c in Sources */,
				BE8C07F31CA77E5C000A0966 /* Server.c in Sources */,
				97A58CCA1CAAD3D7005901B2 /* ChatListener.c in Sources */,
				BEBAAE441CA62ACF009B658F /* DieWithError.c in Sources */,
			);
			runOnlyForDeploymentPostprocessing = 0;
		};
/* End PBXSourcesBuildPhase section */

/* Begin XCBuildConfiguration section */
		977F33D21CA5C03000972562 /* Debug */ = {
			isa = XCBuildConfiguration;
			buildSettings = {
				ALWAYS_SEARCH_USER_PATHS = NO;
				CLANG_CXX_LANGUAGE_STANDARD = "gnu++0x";
				CLANG_CXX_LIBRARY = "libc++";
				CLANG_ENABLE_MODULES = YES;
				CLANG_ENABLE_OBJC_ARC = YES;
				CLANG_WARN_BOOL_CONVERSION = YES;
				CLANG_WARN_CONSTANT_CONVERSION = YES;
				CLANG_WARN_DIRECT_OBJC_ISA_USAGE = YES_ERROR;
				CLANG_WARN_EMPTY_BODY = YES;
				CLANG_WARN_ENUM_CONVERSION = YES;
				CLANG_WARN_INT_CONVERSION = YES;
				CLANG_WARN_OBJC_ROOT_CLASS = YES_ERROR;
				CLANG_WARN_UNREACHABLE_CODE = YES;
				CLANG_WARN__DUPLICATE_METHOD_MATCH = YES;
				CODE_SIGN_IDENTITY = "-";
				COPY_PHASE_STRIP = NO;
				DEBUG_INFORMATION_FORMAT = dwarf;
				ENABLE_STRICT_OBJC_MSGSEND = YES;
				ENABLE_TESTABILITY = YES;
				GCC_C_LANGUAGE_STANDARD = gnu99;
				GCC_DYNAMIC_NO_PIC = NO;
				GCC_NO_COMMON_BLOCKS = YES;
				GCC_OPTIMIZATION_LEVEL = 0;
				GCC_PREPROCESSOR_DEFINITIONS = (
					"DEBUG=1",
					"$(inherited)",
				);
				GCC_WARN_64_TO_32_BIT_CONVERSION = YES;
				GCC_WARN_ABOUT_RETURN_TYPE = YES_ERROR;
				GCC_WARN_UNDECLARED_SELECTOR = YES;
				GCC_WARN_UNINITIALIZED_AUTOS = YES_AGGRESSIVE;
				GCC_WARN_UNUSED_FUNCTION = YES;
				GCC_WARN_UNUSED_VARIABLE = YES;
				MACOSX_DEPLOYMENT_TARGET = 10.11;
				MTL_ENABLE_DEBUG_INFO = YES;
				ONLY_ACTIVE_ARCH = YES;
				SDKROOT = macosx;
			};
			name = Debug;
		};
		977F33D31CA5C03000972562 /* Release */ = {
			isa = XCBuildConfiguration;
			buildSettings = {
				ALWAYS_SEARCH_USER_PATHS = NO;
				CLANG_CXX_LANGUAGE_STANDARD = "gnu++0x";
				CLANG_CXX_LIBRARY = "libc++";
				CLANG_ENABLE_MODULES = YES;
				CLANG_ENABLE_OBJC_ARC = YES;
				CLANG_WARN_BOOL_CONVERSION = YES;
				CLANG_WARN_CONSTANT_CONVERSION = YES;
				CLANG_WARN_DIRECT_OBJC_ISA_USAGE = YES_ERROR;
				CLANG_WARN_EMPTY_BODY = YES;
				CLANG_WARN_ENUM_CONVERSION = YES;
				CLANG_WARN_INT_CONVERSION = YES;
				CLANG_WARN_OBJC_ROOT_CLASS = YES_ERROR;
				CLANG_WARN_UNREACHABLE_CODE = YES;
				CLANG_WARN__DUPLICATE_METHOD_MATCH = YES;
				CODE_SIGN_IDENTITY = "-";
				COPY_PHASE_STRIP = NO;
				DEBUG_INFORMATION_FORMAT = "dwarf-with-dsym";
				ENABLE_NS_ASSERTIONS = NO;
				ENABLE_STRICT_OBJC_MSGSEND = YES;
				GCC_C_LANGUAGE_STANDARD = gnu99;
				GCC_NO_COMMON_BLOCKS = YES;
				GCC_WARN_64_TO_32_BIT_CONVERSION = YES;
				GCC_WARN_ABOUT_RETURN_TYPE = YES_ERROR;
				GCC_WARN_UNDECLARED_SELECTOR = YES;
				GCC_WARN_UNINITIALIZED_AUTOS = YES_AGGRESSIVE;
				GCC_WARN_UNUSED_FUNCTION = YES;
				GCC_WARN_UNUSED_VARIABLE = YES;
				MACOSX_DEPLOYMENT_TARGET = 10.11;
				MTL_ENABLE_DEBUG_INFO = NO;
				SDKROOT = macosx;
			};
			name = Release;
		};
		977F33D51CA5C03000972562 /* Debug */ = {
			isa = XCBuildConfiguration;
			buildSettings = {
				PRODUCT_NAME = "$(TARGET_NAME)";
			};
			name = Debug;
		};
		977F33D61CA5C03000972562 /* Release */ = {
			isa = XCBuildConfiguration;
			buildSettings = {
				PRODUCT_NAME = "$(TARGET_NAME)";
			};
			name = Release;
		};
/* End XCBuildConfiguration section */

/* Begin XCConfigurationList section */
		977F33C81CA5C03000972562 /* Build configuration list for PBXProject "Chat" */ = {
			isa = XCConfigurationList;
			buildConfigurations = (
				977F33D21CA5C03000972562 /* Debug */,
				977F33D31CA5C03000972562 /* Release */,
			);
			defaultConfigurationIsVisible = 0;
			defaultConfigurationName = Release;
		};
		977F33D41CA5C03000972562 /* Build configuration list for PBXNativeTarget "Chat" */ = {
			isa = XCConfigurationList;
			buildConfigurations = (
				977F33D51CA5C03000972562 /* Debug */,
				977F33D61CA5C03000972562 /* Release */,
			);
			defaultConfigurationIsVisible = 0;
			defaultConfigurationName = Release;
		};
/* End XCConfigurationList section */
	};
	rootObject = 977F33C51CA5C03000972562 /* Project object */;
}
